<?xml version="1.0" encoding="utf-8"?>
<Project ToolsVersion="4.0" xmlns="http://schemas.microsoft.com/developer/msbuild/2003">
  <ItemGroup>
    <Filter Include="Resource Files">
      <UniqueIdentifier>{67DA6AB6-F800-4c08-8B7A-83BB121AAD01}</UniqueIdentifier>
      <Extensions>rc;ico;cur;bmp;dlg;rc2;rct;bin;rgs;gif;jpg;jpeg;jpe;resx;tiff;tif;png;wav;mfcribbon-ms</Extensions>
    </Filter>
    <Filter Include="Engine Files">
      <UniqueIdentifier>{93995380-89BD-4b04-88EB-625FBE52EBFB}</UniqueIdentifier>
      <Extensions>h;hh;hpp;hxx;h++;hm;inl;inc;ipp;xsd</Extensions>
    </Filter>
    <Filter Include="Shader Files">
      <UniqueIdentifier>{c3383be9-05f6-4727-bdbc-e3dec206c4d9}</UniqueIdentifier>
    </Filter>
    <Filter Include="Application Files">
      <UniqueIdentifier>{4FC737F1-C7A5-4376-A066-2A32D752A2FF}</UniqueIdentifier>
      <Extensions>cpp;c;cc;cxx;c++;cppm;ixx;def;odl;idl;hpj;bat;asm;asmx</Extensions>
    </Filter>
    <Filter Include="Application Files\Shaders">
      <UniqueIdentifier>{4cee4caf-d9aa-4995-858a-be9936f26a10}</UniqueIdentifier>
    </Filter>
    <Filter Include="Engine Files\Core">
      <UniqueIdentifier>{09ad66ef-d04e-41c8-b2f5-b84c60ed28b8}</UniqueIdentifier>
    </Filter>
    <Filter Include="Engine Files\Rendering">
      <UniqueIdentifier>{0c30365f-b691-4634-aba6-b4dc758058e4}</UniqueIdentifier>
    </Filter>
    <Filter Include="imgui">
      <UniqueIdentifier>{cb986089-e9c4-42ee-ade2-80e82faa55f0}</UniqueIdentifier>
    </Filter>
    <Filter Include="Engine Files\Engine Components">
      <UniqueIdentifier>{cc435024-f2ca-48b2-a80c-63be8fad0b19}</UniqueIdentifier>
    </Filter>
    <Filter Include="Engine Files\Serialaztion">
      <UniqueIdentifier>{a893d7be-5e32-46f9-af99-0478e9234311}</UniqueIdentifier>
    </Filter>
    <Filter Include="Engine Files\Managers">
      <UniqueIdentifier>{4dbe0b3b-6255-4a3f-97e7-9fdf9d7aa552}</UniqueIdentifier>
    </Filter>
    <Filter Include="Engine Files\Input">
      <UniqueIdentifier>{079b3813-0568-4410-8d21-54011ea9a5ac}</UniqueIdentifier>
    </Filter>
    <Filter Include="Engine Files\Debuging">
      <UniqueIdentifier>{c49f26af-6b4a-48b1-9fa3-1df33119b958}</UniqueIdentifier>
    </Filter>
    <Filter Include="Extentions">
      <UniqueIdentifier>{df200bad-7179-4b2e-9f0f-1812cb6c39f5}</UniqueIdentifier>
    </Filter>
    <Filter Include="Engine Files\Physics">
      <UniqueIdentifier>{607fc7db-1c6b-4156-ac8c-24acedbd3fca}</UniqueIdentifier>
    </Filter>
  </ItemGroup>
  <ItemGroup>
    <ClInclude Include="framework.h">
      <Filter>Engine Files</Filter>
    </ClInclude>
    <ClInclude Include="MyEngine.h">
      <Filter>Engine Files</Filter>
    </ClInclude>
    <ClInclude Include="Resource.h">
      <Filter>Resource Files</Filter>
    </ClInclude>
    <ClInclude Include="targetver.h">
      <Filter>Resource Files</Filter>
    </ClInclude>
    <ClInclude Include="Mesh.h">
      <Filter>Engine Files</Filter>
    </ClInclude>
    <ClInclude Include="Texture.h">
      <Filter>Engine Files</Filter>
    </ClInclude>
    <ClInclude Include="Material.h">
      <Filter>Engine Files</Filter>
    </ClInclude>
    <ClInclude Include="OBJParser.h">
      <Filter>Engine Files</Filter>
    </ClInclude>
    <ClInclude Include="WICTextureLoader.h">
      <Filter>Engine Files</Filter>
    </ClInclude>
    <ClInclude Include="LitMaterial.h">
      <Filter>Application Files\Shaders</Filter>
    </ClInclude>
    <ClInclude Include="Light.h">
      <Filter>Engine Files</Filter>
    </ClInclude>
    <ClInclude Include="Scene.h">
      <Filter>Engine Files\Core</Filter>
    </ClInclude>
    <ClInclude Include="GameObject.h">
      <Filter>Engine Files\Core</Filter>
    </ClInclude>
    <ClInclude Include="Renderer.h">
      <Filter>Engine Files\Rendering</Filter>
    </ClInclude>
    <ClInclude Include="DX11Renderer.h">
      <Filter>Engine Files\Rendering</Filter>
    </ClInclude>
    <ClInclude Include="..\3rdParty\imgui\imconfig.h">
      <Filter>imgui</Filter>
    </ClInclude>
    <ClInclude Include="..\3rdParty\imgui\imgui.h">
      <Filter>imgui</Filter>
    </ClInclude>
    <ClInclude Include="..\3rdParty\imgui\imgui_internal.h">
      <Filter>imgui</Filter>
    </ClInclude>
    <ClInclude Include="..\3rdParty\imgui\imstb_rectpack.h">
      <Filter>imgui</Filter>
    </ClInclude>
    <ClInclude Include="..\3rdParty\imgui\imstb_textedit.h">
      <Filter>imgui</Filter>
    </ClInclude>
    <ClInclude Include="..\3rdParty\imgui\imstb_truetype.h">
      <Filter>imgui</Filter>
    </ClInclude>
    <ClInclude Include="..\3rdParty\imgui\backends\imgui_impl_win32.h">
      <Filter>imgui</Filter>
    </ClInclude>
    <ClInclude Include="..\3rdParty\imgui\backends\imgui_impl_dx11.h">
      <Filter>imgui</Filter>
    </ClInclude>
    <ClInclude Include="MyApplication.h">
      <Filter>Engine Files\Core</Filter>
    </ClInclude>
    <ClInclude Include="Component.h">
      <Filter>Engine Files\Engine Components</Filter>
    </ClInclude>
    <ClInclude Include="Factory.h">
      <Filter>Engine Files\Serialaztion</Filter>
    </ClInclude>
    <ClInclude Include="MaterialManager.h">
      <Filter>Engine Files\Managers</Filter>
    </ClInclude>
    <ClInclude Include="Utils.h">
      <Filter>Engine Files</Filter>
    </ClInclude>
    <ClInclude Include="DebugCamera.h">
      <Filter>Engine Files\Rendering</Filter>
    </ClInclude>
    <ClInclude Include="Camera.h">
      <Filter>Engine Files\Rendering</Filter>
    </ClInclude>
    <ClInclude Include="..\3rdParty\imgui\GraphEditor.h">
      <Filter>imgui</Filter>
    </ClInclude>
    <ClInclude Include="..\3rdParty\imgui\ImCurveEdit.h">
      <Filter>imgui</Filter>
    </ClInclude>
    <ClInclude Include="..\3rdParty\imgui\ImGradient.h">
      <Filter>imgui</Filter>
    </ClInclude>
    <ClInclude Include="..\3rdParty\imgui\ImGuizmo.h">
      <Filter>imgui</Filter>
    </ClInclude>
    <ClInclude Include="..\3rdParty\imgui\ImSequencer.h">
      <Filter>imgui</Filter>
    </ClInclude>
    <ClInclude Include="..\3rdParty\imgui\ImZoomSlider.h">
      <Filter>imgui</Filter>
    </ClInclude>
    <ClInclude Include="RenderTexture.h">
      <Filter>Engine Files\Rendering</Filter>
    </ClInclude>
    <ClInclude Include="EngineCommand.h">
      <Filter>Engine Files\Input</Filter>
    </ClInclude>
    <ClInclude Include="Command.h">
      <Filter>Engine Files\Input</Filter>
    </ClInclude>
    <ClInclude Include="InputManager.h">
      <Filter>Engine Files\Input</Filter>
    </ClInclude>
    <ClInclude Include="SpriteComponent.h">
      <Filter>Engine Files\Engine Components</Filter>
    </ClInclude>
    <ClInclude Include="TransformComponent.h">
      <Filter>Engine Files\Engine Components</Filter>
    </ClInclude>
    <ClInclude Include="MeshComponent.h">
      <Filter>Engine Files\Engine Components</Filter>
    </ClInclude>
    <ClInclude Include="ParticleComponent.h">
      <Filter>Engine Files\Engine Components</Filter>
    </ClInclude>
    <ClInclude Include="TerrainComponent.h">
      <Filter>Engine Files\Engine Components</Filter>
    </ClInclude>
    <ClInclude Include="Logger.h">
      <Filter>Engine Files\Debuging</Filter>
    </ClInclude>
    <ClInclude Include="ServiceLocator.h">
      <Filter>Engine Files\Managers</Filter>
    </ClInclude>
    <ClInclude Include="LogWindow.h">
      <Filter>Engine Files\Debuging</Filter>
    </ClInclude>
    <ClInclude Include="EditorWindow.h">
      <Filter>Engine Files\Debuging</Filter>
    </ClInclude>
    <ClInclude Include="GameTime.h">
      <Filter>Engine Files\Managers</Filter>
    </ClInclude>
    <ClInclude Include="Serialization.h">
      <Filter>Engine Files\Serialaztion</Filter>
    </ClInclude>
    <ClInclude Include="ImGuiHelpers.h">
      <Filter>Extentions</Filter>
    </ClInclude>
    <ClInclude Include="RapidJsonHelper.h">
      <Filter>Extentions</Filter>
    </ClInclude>
    <ClInclude Include="ResourceManager.h">
      <Filter>Engine Files\Managers</Filter>
    </ClInclude>
    <ClInclude Include="RigidbodyComponent.h">
      <Filter>Engine Files\Engine Components</Filter>
    </ClInclude>
    <ClInclude Include="PhysXManager.h">
      <Filter>Engine Files\Physics</Filter>
    </ClInclude>
    <ClInclude Include="PhysxProxy.h">
      <Filter>Engine Files\Physics</Filter>
    </ClInclude>
    <ClInclude Include="PhysxHelper.h">
      <Filter>Engine Files\Physics</Filter>
    </ClInclude>
    <ClInclude Include="EnumHelpers.h">
      <Filter>Extentions</Filter>
    </ClInclude>
    <ClInclude Include="PhysxAllocator.h">
      <Filter>Engine Files\Physics</Filter>
    </ClInclude>
    <ClInclude Include="PhysxErrorCallback.h">
      <Filter>Engine Files\Physics</Filter>
    </ClInclude>
    <ClInclude Include="OverlordSimulationFilterShader.h">
      <Filter>Engine Files\Physics</Filter>
    </ClInclude>
  </ItemGroup>
  <ItemGroup>
    <ClCompile Include="MyEngine.cpp">
      <Filter>Engine Files</Filter>
    </ClCompile>
    <ClCompile Include="Mesh.cpp">
      <Filter>Engine Files</Filter>
    </ClCompile>
    <ClCompile Include="Texture.cpp">
      <Filter>Engine Files</Filter>
    </ClCompile>
    <ClCompile Include="Material.cpp">
      <Filter>Engine Files</Filter>
    </ClCompile>
    <ClCompile Include="WICTextureLoader.cpp">
      <Filter>Engine Files</Filter>
    </ClCompile>
    <ClCompile Include="LitMaterial.cpp">
      <Filter>Application Files\Shaders</Filter>
    </ClCompile>
    <ClCompile Include="Light.cpp">
      <Filter>Engine Files</Filter>
    </ClCompile>
    <ClCompile Include="Scene.cpp">
      <Filter>Engine Files\Core</Filter>
    </ClCompile>
    <ClCompile Include="Renderer.cpp">
      <Filter>Engine Files\Rendering</Filter>
    </ClCompile>
    <ClCompile Include="DX11Renderer.cpp">
      <Filter>Engine Files\Rendering</Filter>
    </ClCompile>
    <ClCompile Include="..\3rdParty\imgui\imgui.cpp">
      <Filter>imgui</Filter>
    </ClCompile>
    <ClCompile Include="..\3rdParty\imgui\imgui_demo.cpp">
      <Filter>imgui</Filter>
    </ClCompile>
    <ClCompile Include="..\3rdParty\imgui\imgui_draw.cpp">
      <Filter>imgui</Filter>
    </ClCompile>
    <ClCompile Include="..\3rdParty\imgui\imgui_tables.cpp">
      <Filter>imgui</Filter>
    </ClCompile>
    <ClCompile Include="..\3rdParty\imgui\imgui_widgets.cpp">
      <Filter>imgui</Filter>
    </ClCompile>
    <ClCompile Include="..\3rdParty\imgui\backends\imgui_impl_win32.cpp">
      <Filter>imgui</Filter>
    </ClCompile>
    <ClCompile Include="..\3rdParty\imgui\backends\imgui_impl_dx11.cpp">
      <Filter>imgui</Filter>
    </ClCompile>
    <ClCompile Include="GameObject.cpp">
      <Filter>Engine Files\Core</Filter>
    </ClCompile>
    <ClCompile Include="MyApplication.cpp">
      <Filter>Engine Files\Core</Filter>
    </ClCompile>
    <ClCompile Include="Component.cpp">
      <Filter>Engine Files\Engine Components</Filter>
    </ClCompile>
    <ClCompile Include="Factory.cpp">
      <Filter>Engine Files\Serialaztion</Filter>
    </ClCompile>
    <ClCompile Include="MaterialManager.cpp">
      <Filter>Engine Files\Managers</Filter>
    </ClCompile>
    <ClCompile Include="DebugCamera.cpp">
      <Filter>Engine Files\Rendering</Filter>
    </ClCompile>
    <ClCompile Include="Camera.cpp">
      <Filter>Engine Files\Rendering</Filter>
    </ClCompile>
    <ClCompile Include="..\3rdParty\imgui\GraphEditor.cpp">
      <Filter>imgui</Filter>
    </ClCompile>
    <ClCompile Include="..\3rdParty\imgui\ImCurveEdit.cpp">
      <Filter>imgui</Filter>
    </ClCompile>
    <ClCompile Include="..\3rdParty\imgui\ImGradient.cpp">
      <Filter>imgui</Filter>
    </ClCompile>
    <ClCompile Include="..\3rdParty\imgui\ImGuizmo.cpp">
      <Filter>imgui</Filter>
    </ClCompile>
    <ClCompile Include="..\3rdParty\imgui\ImSequencer.cpp">
      <Filter>imgui</Filter>
    </ClCompile>
    <ClCompile Include="RenderTexture.cpp">
      <Filter>Engine Files\Rendering</Filter>
    </ClCompile>
    <ClCompile Include="Command.cpp">
      <Filter>Engine Files\Input</Filter>
    </ClCompile>
    <ClCompile Include="EngineCommand.cpp">
      <Filter>Engine Files\Input</Filter>
    </ClCompile>
    <ClCompile Include="InputManager.cpp">
      <Filter>Engine Files\Input</Filter>
    </ClCompile>
    <ClCompile Include="SpriteComponent.cpp">
      <Filter>Engine Files\Engine Components</Filter>
    </ClCompile>
    <ClCompile Include="TransformComponent.cpp">
      <Filter>Engine Files\Engine Components</Filter>
    </ClCompile>
    <ClCompile Include="MeshComponent.cpp">
      <Filter>Engine Files\Engine Components</Filter>
    </ClCompile>
    <ClCompile Include="ParticleComponent.cpp">
      <Filter>Engine Files\Engine Components</Filter>
    </ClCompile>
    <ClCompile Include="TerrainComponent.cpp">
      <Filter>Engine Files\Engine Components</Filter>
    </ClCompile>
    <ClCompile Include="Logger.cpp">
      <Filter>Engine Files\Debuging</Filter>
    </ClCompile>
    <ClCompile Include="ServiceLocator.cpp">
      <Filter>Engine Files\Managers</Filter>
    </ClCompile>
    <ClCompile Include="LogWindow.cpp">
      <Filter>Engine Files\Debuging</Filter>
    </ClCompile>
    <ClCompile Include="EditorWindow.cpp">
      <Filter>Engine Files\Debuging</Filter>
    </ClCompile>
    <ClCompile Include="GameTime.cpp">
      <Filter>Engine Files\Managers</Filter>
    </ClCompile>
    <ClCompile Include="Serialization.cpp">
      <Filter>Engine Files\Serialaztion</Filter>
    </ClCompile>
    <ClCompile Include="ImGuiHelpers.cpp">
      <Filter>Extentions</Filter>
    </ClCompile>
    <ClCompile Include="RapidJsonHelper.cpp">
      <Filter>Extentions</Filter>
    </ClCompile>
    <ClCompile Include="ResourceManager.cpp">
      <Filter>Engine Files\Managers</Filter>
    </ClCompile>
    <ClCompile Include="RigidbodyComponent.cpp">
      <Filter>Engine Files\Engine Components</Filter>
    </ClCompile>
    <ClCompile Include="PhysXManager.cpp">
      <Filter>Engine Files\Physics</Filter>
    </ClCompile>
    <ClCompile Include="PhysxProxy.cpp">
      <Filter>Engine Files\Physics</Filter>
    </ClCompile>
    <ClCompile Include="PhysxHelper.cpp">
      <Filter>Engine Files\Physics</Filter>
    </ClCompile>
    <ClCompile Include="PhysxErrorCallback.cpp">
      <Filter>Engine Files\Physics</Filter>
    </ClCompile>
  </ItemGroup>
  <ItemGroup>
    <ResourceCompile Include="MyApplication.rc">
      <Filter>Resource Files</Filter>
    </ResourceCompile>
  </ItemGroup>
  <ItemGroup>
    <Image Include="small.ico">
      <Filter>Resource Files</Filter>
    </Image>
    <Image Include="MyApplication.ico">
      <Filter>Resource Files</Filter>
    </Image>
  </ItemGroup>
  <ItemGroup>
    <FxCompile Include="VertexShader.hlsl">
      <Filter>Shader Files</Filter>
    </FxCompile>
    <FxCompile Include="PixelShader.hlsl">
      <Filter>Shader Files</Filter>
    </FxCompile>
  </ItemGroup>
</Project>